// !$*UTF8*$!
{
	archiveVersion = 1;
	classes = {
	};
	objectVersion = 46;
	objects = {

/* Begin PBXBuildFile section */
		63072E4F1C0C78DB00A96DCF /* TabBarVC.swift in Sources */ = {isa = PBXBuildFile; fileRef = 63072E4E1C0C78DB00A96DCF /* TabBarVC.swift */; };
		6333567D1BED151000A71155 /* User.swift in Sources */ = {isa = PBXBuildFile; fileRef = 6333567C1BED151000A71155 /* User.swift */; };
		6333567F1BED154C00A71155 /* UserProfileVC.swift in Sources */ = {isa = PBXBuildFile; fileRef = 6333567E1BED154C00A71155 /* UserProfileVC.swift */; };
		63710E251C07D6F000E0794A /* FacebookChekinVC.swift in Sources */ = {isa = PBXBuildFile; fileRef = 63710E241C07D6F000E0794A /* FacebookChekinVC.swift */; };
		63D37B3E1C43CFC00040CC52 /* ReviewServices.swift in Sources */ = {isa = PBXBuildFile; fileRef = 63D37B3D1C43CFC00040CC52 /* ReviewServices.swift */; };
		63D37B421C43D0E50040CC52 /* ReviewDAO.swift in Sources */ = {isa = PBXBuildFile; fileRef = 63D37B411C43D0E50040CC52 /* ReviewDAO.swift */; };
		63D37B441C43D1E00040CC52 /* Review.swift in Sources */ = {isa = PBXBuildFile; fileRef = 63D37B431C43D1E00040CC52 /* Review.swift */; };
		63E504B51C45490200671168 /* ReviewVCCell.swift in Sources */ = {isa = PBXBuildFile; fileRef = 63E504B41C45490200671168 /* ReviewVCCell.swift */; };
		63F668AC1BD9165800172050 /* ChallengeVC.swift in Sources */ = {isa = PBXBuildFile; fileRef = 63F668AB1BD9165800172050 /* ChallengeVC.swift */; };
		6701DE0A1C4686F600F25FC2 /* UserAddAppFriendsVC.swift in Sources */ = {isa = PBXBuildFile; fileRef = 6701DE091C4686F600F25FC2 /* UserAddAppFriendsVC.swift */; };
		6701DE0C1C46943400F25FC2 /* UserInviteFBFriendsVC.swift in Sources */ = {isa = PBXBuildFile; fileRef = 6701DE0B1C46943400F25FC2 /* UserInviteFBFriendsVC.swift */; };
		6701DE0F1C46949600F25FC2 /* UserInviteCell.swift in Sources */ = {isa = PBXBuildFile; fileRef = 6701DE0E1C46949600F25FC2 /* UserInviteCell.swift */; };
		6701DE111C4694AF00F25FC2 /* UserAppCell.swift in Sources */ = {isa = PBXBuildFile; fileRef = 6701DE101C4694AF00F25FC2 /* UserAppCell.swift */; };
		6701DE131C4694C500F25FC2 /* UserFriendsCell.swift in Sources */ = {isa = PBXBuildFile; fileRef = 6701DE121C4694C500F25FC2 /* UserFriendsCell.swift */; };
		672C62F91BEA5E7200E667C8 /* BreweryVC.swift in Sources */ = {isa = PBXBuildFile; fileRef = 672C62F81BEA5E7200E667C8 /* BreweryVC.swift */; };
		672C62FB1BEAD2F700E667C8 /* BreweryVCCell.swift in Sources */ = {isa = PBXBuildFile; fileRef = 672C62FA1BEAD2F700E667C8 /* BreweryVCCell.swift */; };
		674127941C189F0200016D52 /* CountriesSearch.swift in Sources */ = {isa = PBXBuildFile; fileRef = 674127931C189F0200016D52 /* CountriesSearch.swift */; };
		674127981C18A20700016D52 /* CountryCell.swift in Sources */ = {isa = PBXBuildFile; fileRef = 674127971C18A20700016D52 /* CountryCell.swift */; };
		676250741BF1759300F3BB0D /* BreweryDAO.swift in Sources */ = {isa = PBXBuildFile; fileRef = 676250731BF1759300F3BB0D /* BreweryDAO.swift */; };
		676250771BF373AF00F3BB0D /* UserDAO.swift in Sources */ = {isa = PBXBuildFile; fileRef = 676250761BF373AF00F3BB0D /* UserDAO.swift */; };
		676250791BF3757300F3BB0D /* UserValidation.swift in Sources */ = {isa = PBXBuildFile; fileRef = 676250781BF3757300F3BB0D /* UserValidation.swift */; };
		677924B01BF6B9F700B8092B /* SearchVCCellTableViewCell.swift in Sources */ = {isa = PBXBuildFile; fileRef = 677924AF1BF6B9F700B8092B /* SearchVCCellTableViewCell.swift */; };
		677924B21BFA064600B8092B /* RegisterBeerVC.swift in Sources */ = {isa = PBXBuildFile; fileRef = 677924B11BFA064600B8092B /* RegisterBeerVC.swift */; };
		67B50AB41C0F0D010032CCCD /* SearchBreweryVC.swift in Sources */ = {isa = PBXBuildFile; fileRef = 67B50AB31C0F0D010032CCCD /* SearchBreweryVC.swift */; };
		67EE50991C1703F600AAA599 /* PagedViewController.swift in Sources */ = {isa = PBXBuildFile; fileRef = 67EE50981C1703F600AAA599 /* PagedViewController.swift */; };
		67FB0C121C0F6C8700122314 /* SearchTVCell.swift in Sources */ = {isa = PBXBuildFile; fileRef = 67FB0C111C0F6C8700122314 /* SearchTVCell.swift */; };
		67FB0C141C11D31500122314 /* AddBreweryVC.swift in Sources */ = {isa = PBXBuildFile; fileRef = 67FB0C131C11D31500122314 /* AddBreweryVC.swift */; };
		70794EFE88F3435C95EB3404 /* Pods_BeerLove.framework in Frameworks */ = {isa = PBXBuildFile; fileRef = 79DE8135A326FB90FEA7034F /* Pods_BeerLove.framework */; };
		8502AE6A1BEA66CC00C54142 /* Bolts.framework in Frameworks */ = {isa = PBXBuildFile; fileRef = 8502AE631BEA66CB00C54142 /* Bolts.framework */; };
		8502AE6B1BEA66CC00C54142 /* Parse.framework in Frameworks */ = {isa = PBXBuildFile; fileRef = 8502AE641BEA66CC00C54142 /* Parse.framework */; };
		8502AE6C1BEA66CC00C54142 /* ParseCrashReporting.framework in Frameworks */ = {isa = PBXBuildFile; fileRef = 8502AE651BEA66CC00C54142 /* ParseCrashReporting.framework */; };
		8502AE6E1BEA66CC00C54142 /* ParseFacebookUtilsV4.framework in Frameworks */ = {isa = PBXBuildFile; fileRef = 8502AE671BEA66CC00C54142 /* ParseFacebookUtilsV4.framework */; };
		8502AE6F1BEA66CC00C54142 /* ParseTwitterUtils.framework in Frameworks */ = {isa = PBXBuildFile; fileRef = 8502AE681BEA66CC00C54142 /* ParseTwitterUtils.framework */; };
		8502AE701BEA66CC00C54142 /* ParseUI.framework in Frameworks */ = {isa = PBXBuildFile; fileRef = 8502AE691BEA66CC00C54142 /* ParseUI.framework */; };
		8502AE721BEA670200C54142 /* AudioToolbox.framework in Frameworks */ = {isa = PBXBuildFile; fileRef = 8502AE711BEA670200C54142 /* AudioToolbox.framework */; };
		8502AE741BEA670C00C54142 /* CFNetwork.framework in Frameworks */ = {isa = PBXBuildFile; fileRef = 8502AE731BEA670C00C54142 /* CFNetwork.framework */; };
		8502AE761BEA671F00C54142 /* CoreGraphics.framework in Frameworks */ = {isa = PBXBuildFile; fileRef = 8502AE751BEA671F00C54142 /* CoreGraphics.framework */; };
		8502AE781BEA672700C54142 /* CoreLocation.framework in Frameworks */ = {isa = PBXBuildFile; fileRef = 8502AE771BEA672700C54142 /* CoreLocation.framework */; };
		8502AE7A1BEA673000C54142 /* QuartzCore.framework in Frameworks */ = {isa = PBXBuildFile; fileRef = 8502AE791BEA673000C54142 /* QuartzCore.framework */; };
		8502AE7C1BEA673700C54142 /* Security.framework in Frameworks */ = {isa = PBXBuildFile; fileRef = 8502AE7B1BEA673700C54142 /* Security.framework */; };
		8502AE7E1BEA674300C54142 /* StoreKit.framework in Frameworks */ = {isa = PBXBuildFile; fileRef = 8502AE7D1BEA674300C54142 /* StoreKit.framework */; };
		8502AE801BEA674C00C54142 /* SystemConfiguration.framework in Frameworks */ = {isa = PBXBuildFile; fileRef = 8502AE7F1BEA674C00C54142 /* SystemConfiguration.framework */; };
		8502AE821BEA675800C54142 /* libz.tbd in Frameworks */ = {isa = PBXBuildFile; fileRef = 8502AE811BEA675800C54142 /* libz.tbd */; };
		8502AE841BEA676400C54142 /* libsqlite3.tbd in Frameworks */ = {isa = PBXBuildFile; fileRef = 8502AE831BEA676400C54142 /* libsqlite3.tbd */; };
		8502AE861BEA676C00C54142 /* Accounts.framework in Frameworks */ = {isa = PBXBuildFile; fileRef = 8502AE851BEA676C00C54142 /* Accounts.framework */; };
		8502AE881BEA677800C54142 /* Social.framework in Frameworks */ = {isa = PBXBuildFile; fileRef = 8502AE871BEA677800C54142 /* Social.framework */; };
		8518D1491BD7B7BD00499ACA /* AppDelegate.swift in Sources */ = {isa = PBXBuildFile; fileRef = 8518D1481BD7B7BD00499ACA /* AppDelegate.swift */; };
		8518D14B1BD7B7BD00499ACA /* ViewController.swift in Sources */ = {isa = PBXBuildFile; fileRef = 8518D14A1BD7B7BD00499ACA /* ViewController.swift */; };
		8518D14E1BD7B7BD00499ACA /* Main.storyboard in Resources */ = {isa = PBXBuildFile; fileRef = 8518D14C1BD7B7BD00499ACA /* Main.storyboard */; };
		8518D1511BD7B7BD00499ACA /* WeHeartBeer.xcdatamodeld in Sources */ = {isa = PBXBuildFile; fileRef = 8518D14F1BD7B7BD00499ACA /* WeHeartBeer.xcdatamodeld */; };
		8518D1531BD7B7BD00499ACA /* Assets.xcassets in Resources */ = {isa = PBXBuildFile; fileRef = 8518D1521BD7B7BD00499ACA /* Assets.xcassets */; };
		8518D1561BD7B7BD00499ACA /* LaunchScreen.storyboard in Resources */ = {isa = PBXBuildFile; fileRef = 8518D1541BD7B7BD00499ACA /* LaunchScreen.storyboard */; };
		8518D1611BD7B7BD00499ACA /* WeHeartBeerTests.swift in Sources */ = {isa = PBXBuildFile; fileRef = 8518D1601BD7B7BD00499ACA /* WeHeartBeerTests.swift */; };
		8518D16C1BD7B7BD00499ACA /* WeHeartBeerUITests.swift in Sources */ = {isa = PBXBuildFile; fileRef = 8518D16B1BD7B7BD00499ACA /* WeHeartBeerUITests.swift */; };
		8529AFFC1C10787800A0AAC3 /* ListHeaderCell.swift in Sources */ = {isa = PBXBuildFile; fileRef = 8529AFFB1C10787800A0AAC3 /* ListHeaderCell.swift */; };
		854542EC1C105F1900AC2A0B /* ReviewVC.swift in Sources */ = {isa = PBXBuildFile; fileRef = 854542EB1C105F1900AC2A0B /* ReviewVC.swift */; };
		854AAC8E1BEB8CCE002F405B /* SearchVC.swift in Sources */ = {isa = PBXBuildFile; fileRef = 854AAC8D1BEB8CCE002F405B /* SearchVC.swift */; };
		854AAC901BEB8FAA002F405B /* ResultsTableViewCell.swift in Sources */ = {isa = PBXBuildFile; fileRef = 854AAC8F1BEB8FAA002F405B /* ResultsTableViewCell.swift */; };
		854AAF471BECEE18002F405B /* FBSDKCoreKit.framework in Frameworks */ = {isa = PBXBuildFile; fileRef = 854AAF441BECEE18002F405B /* FBSDKCoreKit.framework */; };
		854AAF481BECEE18002F405B /* FBSDKLoginKit.framework in Frameworks */ = {isa = PBXBuildFile; fileRef = 854AAF451BECEE18002F405B /* FBSDKLoginKit.framework */; };
		854AAF491BECEE18002F405B /* FBSDKShareKit.framework in Frameworks */ = {isa = PBXBuildFile; fileRef = 854AAF461BECEE18002F405B /* FBSDKShareKit.framework */; };
		854AAF4B1BED1431002F405B /* Beer.swift in Sources */ = {isa = PBXBuildFile; fileRef = 854AAF4A1BED1431002F405B /* Beer.swift */; };
		854AAF4F1BF0BE8F002F405B /* BeerServices.swift in Sources */ = {isa = PBXBuildFile; fileRef = 854AAF4E1BF0BE8F002F405B /* BeerServices.swift */; };
		854AAF511BF0BEAE002F405B /* BreweryServices.swift in Sources */ = {isa = PBXBuildFile; fileRef = 854AAF501BF0BEAE002F405B /* BreweryServices.swift */; };
		854AAF531BF0BECE002F405B /* UserServices.swift in Sources */ = {isa = PBXBuildFile; fileRef = 854AAF521BF0BECE002F405B /* UserServices.swift */; };
		854AAF551BF0BEDF002F405B /* Brewery.swift in Sources */ = {isa = PBXBuildFile; fileRef = 854AAF541BF0BEDF002F405B /* Brewery.swift */; };
		858A7E211BF4AD050070E844 /* BeerDAO.swift in Sources */ = {isa = PBXBuildFile; fileRef = 858A7E201BF4AD050070E844 /* BeerDAO.swift */; };
		858A7E231BFDF6190070E844 /* AddBeer.swift in Sources */ = {isa = PBXBuildFile; fileRef = 858A7E221BFDF6190070E844 /* AddBeer.swift */; };
		85C9957C1C45230900EBEEBF /* MoreVC.swift in Sources */ = {isa = PBXBuildFile; fileRef = 85C9957B1C45230900EBEEBF /* MoreVC.swift */; };
		85C9957E1C45239400EBEEBF /* ConfigVC.swift in Sources */ = {isa = PBXBuildFile; fileRef = 85C9957D1C45239400EBEEBF /* ConfigVC.swift */; };
		85C995801C45241A00EBEEBF /* GuidesVC.swift in Sources */ = {isa = PBXBuildFile; fileRef = 85C9957F1C45241A00EBEEBF /* GuidesVC.swift */; };
		85FC937A1C190B9400CF59C7 /* UserBeersVC.swift in Sources */ = {isa = PBXBuildFile; fileRef = 85FC93791C190B9400CF59C7 /* UserBeersVC.swift */; };
		85FC937C1C190BA500CF59C7 /* UserPlacesVC.swift in Sources */ = {isa = PBXBuildFile; fileRef = 85FC937B1C190BA500CF59C7 /* UserPlacesVC.swift */; };
		85FC937E1C190BCE00CF59C7 /* UserTrophiesVC.swift in Sources */ = {isa = PBXBuildFile; fileRef = 85FC937D1C190BCE00CF59C7 /* UserTrophiesVC.swift */; };
		85FC93801C190BE900CF59C7 /* UserFriendsVC.swift in Sources */ = {isa = PBXBuildFile; fileRef = 85FC937F1C190BE900CF59C7 /* UserFriendsVC.swift */; };
		D246342D1BEBAFBF00CF605D /* FloatRatingView.swift in Sources */ = {isa = PBXBuildFile; fileRef = D246342C1BEBAFBF00CF605D /* FloatRatingView.swift */; };
		D24634331BEBC93300CF605D /* BeerProfileVC.swift in Sources */ = {isa = PBXBuildFile; fileRef = D24634321BEBC93300CF605D /* BeerProfileVC.swift */; };
		D2526D7B1BDA56C9003953F9 /* HomepageVC.swift in Sources */ = {isa = PBXBuildFile; fileRef = D2526D7A1BDA56C9003953F9 /* HomepageVC.swift */; };
		D28691DE1C3D5DD300A1BCE4 /* MVCarouselPageControl.swift in Sources */ = {isa = PBXBuildFile; fileRef = D28691DD1C3D5DD300A1BCE4 /* MVCarouselPageControl.swift */; };
		D2BAC5E51C3BF2E8006981A2 /* CarouselVC.swift in Sources */ = {isa = PBXBuildFile; fileRef = D2BAC5E41C3BF2E8006981A2 /* CarouselVC.swift */; };
		D2D88DA11BFB95B6002C8EF5 /* UserFBUtil.swift in Sources */ = {isa = PBXBuildFile; fileRef = D2D88DA01BFB95B6002C8EF5 /* UserFBUtil.swift */; };
/* End PBXBuildFile section */

/* Begin PBXContainerItemProxy section */
		8518D15D1BD7B7BD00499ACA /* PBXContainerItemProxy */ = {
			isa = PBXContainerItemProxy;
			containerPortal = 8518D13D1BD7B7BC00499ACA /* Project object */;
			proxyType = 1;
			remoteGlobalIDString = 8518D1441BD7B7BD00499ACA;
			remoteInfo = WeHeartBeer;
		};
		8518D1681BD7B7BD00499ACA /* PBXContainerItemProxy */ = {
			isa = PBXContainerItemProxy;
			containerPortal = 8518D13D1BD7B7BC00499ACA /* Project object */;
			proxyType = 1;
			remoteGlobalIDString = 8518D1441BD7B7BD00499ACA;
			remoteInfo = WeHeartBeer;
		};
/* End PBXContainerItemProxy section */

/* Begin PBXFileReference section */
		41B2B4A8EB98589FDAD959B1 /* Pods-BeerLove.release.xcconfig */ = {isa = PBXFileReference; includeInIndex = 1; lastKnownFileType = text.xcconfig; name = "Pods-BeerLove.release.xcconfig"; path = "Pods/Target Support Files/Pods-BeerLove/Pods-BeerLove.release.xcconfig"; sourceTree = "<group>"; };
		63072E4E1C0C78DB00A96DCF /* TabBarVC.swift */ = {isa = PBXFileReference; fileEncoding = 4; lastKnownFileType = sourcecode.swift; path = TabBarVC.swift; sourceTree = "<group>"; };
		6333567C1BED151000A71155 /* User.swift */ = {isa = PBXFileReference; fileEncoding = 4; lastKnownFileType = sourcecode.swift; path = User.swift; sourceTree = "<group>"; };
		6333567E1BED154C00A71155 /* UserProfileVC.swift */ = {isa = PBXFileReference; fileEncoding = 4; lastKnownFileType = sourcecode.swift; path = UserProfileVC.swift; sourceTree = "<group>"; };
		63710E241C07D6F000E0794A /* FacebookChekinVC.swift */ = {isa = PBXFileReference; fileEncoding = 4; lastKnownFileType = sourcecode.swift; path = FacebookChekinVC.swift; sourceTree = "<group>"; };
		63D37B3D1C43CFC00040CC52 /* ReviewServices.swift */ = {isa = PBXFileReference; fileEncoding = 4; lastKnownFileType = sourcecode.swift; path = ReviewServices.swift; sourceTree = "<group>"; };
		63D37B411C43D0E50040CC52 /* ReviewDAO.swift */ = {isa = PBXFileReference; fileEncoding = 4; lastKnownFileType = sourcecode.swift; path = ReviewDAO.swift; sourceTree = "<group>"; };
		63D37B431C43D1E00040CC52 /* Review.swift */ = {isa = PBXFileReference; fileEncoding = 4; lastKnownFileType = sourcecode.swift; path = Review.swift; sourceTree = "<group>"; };
		63E504B41C45490200671168 /* ReviewVCCell.swift */ = {isa = PBXFileReference; fileEncoding = 4; lastKnownFileType = sourcecode.swift; path = ReviewVCCell.swift; sourceTree = "<group>"; };
		63F668AB1BD9165800172050 /* ChallengeVC.swift */ = {isa = PBXFileReference; fileEncoding = 4; lastKnownFileType = sourcecode.swift; name = ChallengeVC.swift; path = WeHeartBeer/ChallengeVC.swift; sourceTree = "<group>"; };
		6701DE091C4686F600F25FC2 /* UserAddAppFriendsVC.swift */ = {isa = PBXFileReference; fileEncoding = 4; lastKnownFileType = sourcecode.swift; path = UserAddAppFriendsVC.swift; sourceTree = "<group>"; };
		6701DE0B1C46943400F25FC2 /* UserInviteFBFriendsVC.swift */ = {isa = PBXFileReference; fileEncoding = 4; lastKnownFileType = sourcecode.swift; path = UserInviteFBFriendsVC.swift; sourceTree = "<group>"; };
		6701DE0E1C46949600F25FC2 /* UserInviteCell.swift */ = {isa = PBXFileReference; fileEncoding = 4; lastKnownFileType = sourcecode.swift; path = UserInviteCell.swift; sourceTree = "<group>"; };
		6701DE101C4694AF00F25FC2 /* UserAppCell.swift */ = {isa = PBXFileReference; fileEncoding = 4; lastKnownFileType = sourcecode.swift; path = UserAppCell.swift; sourceTree = "<group>"; };
		6701DE121C4694C500F25FC2 /* UserFriendsCell.swift */ = {isa = PBXFileReference; fileEncoding = 4; lastKnownFileType = sourcecode.swift; path = UserFriendsCell.swift; sourceTree = "<group>"; };
		672C62F81BEA5E7200E667C8 /* BreweryVC.swift */ = {isa = PBXFileReference; fileEncoding = 4; lastKnownFileType = sourcecode.swift; name = BreweryVC.swift; path = WeHeartBeer/BreweryVC.swift; sourceTree = "<group>"; };
		672C62FA1BEAD2F700E667C8 /* BreweryVCCell.swift */ = {isa = PBXFileReference; fileEncoding = 4; lastKnownFileType = sourcecode.swift; name = BreweryVCCell.swift; path = ../BreweryVCCell.swift; sourceTree = "<group>"; };
		674127931C189F0200016D52 /* CountriesSearch.swift */ = {isa = PBXFileReference; fileEncoding = 4; lastKnownFileType = sourcecode.swift; name = CountriesSearch.swift; path = WeHeartBeer/CountriesSearch.swift; sourceTree = "<group>"; };
		674127971C18A20700016D52 /* CountryCell.swift */ = {isa = PBXFileReference; fileEncoding = 4; lastKnownFileType = sourcecode.swift; path = CountryCell.swift; sourceTree = "<group>"; };
		676250731BF1759300F3BB0D /* BreweryDAO.swift */ = {isa = PBXFileReference; fileEncoding = 4; lastKnownFileType = sourcecode.swift; path = BreweryDAO.swift; sourceTree = "<group>"; };
		676250761BF373AF00F3BB0D /* UserDAO.swift */ = {isa = PBXFileReference; fileEncoding = 4; lastKnownFileType = sourcecode.swift; path = UserDAO.swift; sourceTree = "<group>"; };
		676250781BF3757300F3BB0D /* UserValidation.swift */ = {isa = PBXFileReference; fileEncoding = 4; lastKnownFileType = sourcecode.swift; path = UserValidation.swift; sourceTree = "<group>"; };
		6762507A1BF3775500F3BB0D /* Header-WeHeartBeer.h */ = {isa = PBXFileReference; lastKnownFileType = sourcecode.c.h; path = "Header-WeHeartBeer.h"; sourceTree = "<group>"; };
		677924AF1BF6B9F700B8092B /* SearchVCCellTableViewCell.swift */ = {isa = PBXFileReference; fileEncoding = 4; lastKnownFileType = sourcecode.swift; name = SearchVCCellTableViewCell.swift; path = ../SearchVCCellTableViewCell.swift; sourceTree = "<group>"; };
		677924B11BFA064600B8092B /* RegisterBeerVC.swift */ = {isa = PBXFileReference; fileEncoding = 4; lastKnownFileType = sourcecode.swift; path = RegisterBeerVC.swift; sourceTree = "<group>"; };
		67B50AB31C0F0D010032CCCD /* SearchBreweryVC.swift */ = {isa = PBXFileReference; fileEncoding = 4; lastKnownFileType = sourcecode.swift; path = SearchBreweryVC.swift; sourceTree = "<group>"; };
		67EE50981C1703F600AAA599 /* PagedViewController.swift */ = {isa = PBXFileReference; fileEncoding = 4; lastKnownFileType = sourcecode.swift; path = PagedViewController.swift; sourceTree = "<group>"; };
		67FB0C111C0F6C8700122314 /* SearchTVCell.swift */ = {isa = PBXFileReference; fileEncoding = 4; lastKnownFileType = sourcecode.swift; path = SearchTVCell.swift; sourceTree = "<group>"; };
		67FB0C131C11D31500122314 /* AddBreweryVC.swift */ = {isa = PBXFileReference; fileEncoding = 4; lastKnownFileType = sourcecode.swift; path = AddBreweryVC.swift; sourceTree = "<group>"; };
		79DE8135A326FB90FEA7034F /* Pods_BeerLove.framework */ = {isa = PBXFileReference; explicitFileType = wrapper.framework; includeInIndex = 0; path = Pods_BeerLove.framework; sourceTree = BUILT_PRODUCTS_DIR; };
		8502AE631BEA66CB00C54142 /* Bolts.framework */ = {isa = PBXFileReference; lastKnownFileType = wrapper.framework; path = Bolts.framework; sourceTree = "<group>"; };
		8502AE641BEA66CC00C54142 /* Parse.framework */ = {isa = PBXFileReference; lastKnownFileType = wrapper.framework; path = Parse.framework; sourceTree = "<group>"; };
		8502AE651BEA66CC00C54142 /* ParseCrashReporting.framework */ = {isa = PBXFileReference; lastKnownFileType = wrapper.framework; path = ParseCrashReporting.framework; sourceTree = "<group>"; };
		8502AE661BEA66CC00C54142 /* ParseFacebookUtils.framework */ = {isa = PBXFileReference; lastKnownFileType = wrapper.framework; path = ParseFacebookUtils.framework; sourceTree = "<group>"; };
		8502AE671BEA66CC00C54142 /* ParseFacebookUtilsV4.framework */ = {isa = PBXFileReference; lastKnownFileType = wrapper.framework; path = ParseFacebookUtilsV4.framework; sourceTree = "<group>"; };
		8502AE681BEA66CC00C54142 /* ParseTwitterUtils.framework */ = {isa = PBXFileReference; lastKnownFileType = wrapper.framework; path = ParseTwitterUtils.framework; sourceTree = "<group>"; };
		8502AE691BEA66CC00C54142 /* ParseUI.framework */ = {isa = PBXFileReference; lastKnownFileType = wrapper.framework; path = ParseUI.framework; sourceTree = "<group>"; };
		8502AE711BEA670200C54142 /* AudioToolbox.framework */ = {isa = PBXFileReference; lastKnownFileType = wrapper.framework; name = AudioToolbox.framework; path = System/Library/Frameworks/AudioToolbox.framework; sourceTree = SDKROOT; };
		8502AE731BEA670C00C54142 /* CFNetwork.framework */ = {isa = PBXFileReference; lastKnownFileType = wrapper.framework; name = CFNetwork.framework; path = System/Library/Frameworks/CFNetwork.framework; sourceTree = SDKROOT; };
		8502AE751BEA671F00C54142 /* CoreGraphics.framework */ = {isa = PBXFileReference; lastKnownFileType = wrapper.framework; name = CoreGraphics.framework; path = System/Library/Frameworks/CoreGraphics.framework; sourceTree = SDKROOT; };
		8502AE771BEA672700C54142 /* CoreLocation.framework */ = {isa = PBXFileReference; lastKnownFileType = wrapper.framework; name = CoreLocation.framework; path = System/Library/Frameworks/CoreLocation.framework; sourceTree = SDKROOT; };
		8502AE791BEA673000C54142 /* QuartzCore.framework */ = {isa = PBXFileReference; lastKnownFileType = wrapper.framework; name = QuartzCore.framework; path = System/Library/Frameworks/QuartzCore.framework; sourceTree = SDKROOT; };
		8502AE7B1BEA673700C54142 /* Security.framework */ = {isa = PBXFileReference; lastKnownFileType = wrapper.framework; name = Security.framework; path = System/Library/Frameworks/Security.framework; sourceTree = SDKROOT; };
		8502AE7D1BEA674300C54142 /* StoreKit.framework */ = {isa = PBXFileReference; lastKnownFileType = wrapper.framework; name = StoreKit.framework; path = System/Library/Frameworks/StoreKit.framework; sourceTree = SDKROOT; };
		8502AE7F1BEA674C00C54142 /* SystemConfiguration.framework */ = {isa = PBXFileReference; lastKnownFileType = wrapper.framework; name = SystemConfiguration.framework; path = System/Library/Frameworks/SystemConfiguration.framework; sourceTree = SDKROOT; };
		8502AE811BEA675800C54142 /* libz.tbd */ = {isa = PBXFileReference; lastKnownFileType = "sourcecode.text-based-dylib-definition"; name = libz.tbd; path = usr/lib/libz.tbd; sourceTree = SDKROOT; };
		8502AE831BEA676400C54142 /* libsqlite3.tbd */ = {isa = PBXFileReference; lastKnownFileType = "sourcecode.text-based-dylib-definition"; name = libsqlite3.tbd; path = usr/lib/libsqlite3.tbd; sourceTree = SDKROOT; };
		8502AE851BEA676C00C54142 /* Accounts.framework */ = {isa = PBXFileReference; lastKnownFileType = wrapper.framework; name = Accounts.framework; path = System/Library/Frameworks/Accounts.framework; sourceTree = SDKROOT; };
		8502AE871BEA677800C54142 /* Social.framework */ = {isa = PBXFileReference; lastKnownFileType = wrapper.framework; name = Social.framework; path = System/Library/Frameworks/Social.framework; sourceTree = SDKROOT; };
		8518D1451BD7B7BD00499ACA /* BeerLove.app */ = {isa = PBXFileReference; explicitFileType = wrapper.application; includeInIndex = 0; path = BeerLove.app; sourceTree = BUILT_PRODUCTS_DIR; };
		8518D1481BD7B7BD00499ACA /* AppDelegate.swift */ = {isa = PBXFileReference; lastKnownFileType = sourcecode.swift; path = AppDelegate.swift; sourceTree = "<group>"; };
		8518D14A1BD7B7BD00499ACA /* ViewController.swift */ = {isa = PBXFileReference; lastKnownFileType = sourcecode.swift; path = ViewController.swift; sourceTree = "<group>"; };
		8518D14D1BD7B7BD00499ACA /* Base */ = {isa = PBXFileReference; lastKnownFileType = file.storyboard; name = Base; path = Base.lproj/Main.storyboard; sourceTree = "<group>"; };
		8518D1501BD7B7BD00499ACA /* WeHeartBeer.xcdatamodel */ = {isa = PBXFileReference; lastKnownFileType = wrapper.xcdatamodel; path = WeHeartBeer.xcdatamodel; sourceTree = "<group>"; };
		8518D1521BD7B7BD00499ACA /* Assets.xcassets */ = {isa = PBXFileReference; lastKnownFileType = folder.assetcatalog; path = Assets.xcassets; sourceTree = "<group>"; };
		8518D1551BD7B7BD00499ACA /* Base */ = {isa = PBXFileReference; lastKnownFileType = file.storyboard; name = Base; path = Base.lproj/LaunchScreen.storyboard; sourceTree = "<group>"; };
		8518D1571BD7B7BD00499ACA /* Info.plist */ = {isa = PBXFileReference; lastKnownFileType = text.plist.xml; path = Info.plist; sourceTree = "<group>"; };
		8518D15C1BD7B7BD00499ACA /* BeerLove.xctest */ = {isa = PBXFileReference; explicitFileType = wrapper.cfbundle; includeInIndex = 0; path = BeerLove.xctest; sourceTree = BUILT_PRODUCTS_DIR; };
		8518D1601BD7B7BD00499ACA /* WeHeartBeerTests.swift */ = {isa = PBXFileReference; lastKnownFileType = sourcecode.swift; path = WeHeartBeerTests.swift; sourceTree = "<group>"; };
		8518D1621BD7B7BD00499ACA /* Info.plist */ = {isa = PBXFileReference; lastKnownFileType = text.plist.xml; path = Info.plist; sourceTree = "<group>"; };
		8518D1671BD7B7BD00499ACA /* BeerLove.xctest */ = {isa = PBXFileReference; explicitFileType = wrapper.cfbundle; includeInIndex = 0; path = BeerLove.xctest; sourceTree = BUILT_PRODUCTS_DIR; };
		8518D16B1BD7B7BD00499ACA /* WeHeartBeerUITests.swift */ = {isa = PBXFileReference; lastKnownFileType = sourcecode.swift; path = WeHeartBeerUITests.swift; sourceTree = "<group>"; };
		8518D16D1BD7B7BD00499ACA /* Info.plist */ = {isa = PBXFileReference; lastKnownFileType = text.plist.xml; path = Info.plist; sourceTree = "<group>"; };
		8529AFFB1C10787800A0AAC3 /* ListHeaderCell.swift */ = {isa = PBXFileReference; fileEncoding = 4; lastKnownFileType = sourcecode.swift; path = ListHeaderCell.swift; sourceTree = "<group>"; };
		854542EB1C105F1900AC2A0B /* ReviewVC.swift */ = {isa = PBXFileReference; fileEncoding = 4; lastKnownFileType = sourcecode.swift; path = ReviewVC.swift; sourceTree = "<group>"; };
		854AAC8D1BEB8CCE002F405B /* SearchVC.swift */ = {isa = PBXFileReference; fileEncoding = 4; lastKnownFileType = sourcecode.swift; path = SearchVC.swift; sourceTree = "<group>"; };
		854AAC8F1BEB8FAA002F405B /* ResultsTableViewCell.swift */ = {isa = PBXFileReference; fileEncoding = 4; lastKnownFileType = sourcecode.swift; path = ResultsTableViewCell.swift; sourceTree = "<group>"; };
		854AAF441BECEE18002F405B /* FBSDKCoreKit.framework */ = {isa = PBXFileReference; lastKnownFileType = wrapper.framework; path = FBSDKCoreKit.framework; sourceTree = "<group>"; };
		854AAF451BECEE18002F405B /* FBSDKLoginKit.framework */ = {isa = PBXFileReference; lastKnownFileType = wrapper.framework; path = FBSDKLoginKit.framework; sourceTree = "<group>"; };
		854AAF461BECEE18002F405B /* FBSDKShareKit.framework */ = {isa = PBXFileReference; lastKnownFileType = wrapper.framework; path = FBSDKShareKit.framework; sourceTree = "<group>"; };
		854AAF4A1BED1431002F405B /* Beer.swift */ = {isa = PBXFileReference; fileEncoding = 4; lastKnownFileType = sourcecode.swift; path = Beer.swift; sourceTree = "<group>"; };
		854AAF4E1BF0BE8F002F405B /* BeerServices.swift */ = {isa = PBXFileReference; fileEncoding = 4; lastKnownFileType = sourcecode.swift; path = BeerServices.swift; sourceTree = "<group>"; };
		854AAF501BF0BEAE002F405B /* BreweryServices.swift */ = {isa = PBXFileReference; fileEncoding = 4; lastKnownFileType = sourcecode.swift; path = BreweryServices.swift; sourceTree = "<group>"; };
		854AAF521BF0BECE002F405B /* UserServices.swift */ = {isa = PBXFileReference; fileEncoding = 4; lastKnownFileType = sourcecode.swift; path = UserServices.swift; sourceTree = "<group>"; };
		854AAF541BF0BEDF002F405B /* Brewery.swift */ = {isa = PBXFileReference; fileEncoding = 4; lastKnownFileType = sourcecode.swift; path = Brewery.swift; sourceTree = "<group>"; };
		858A7E201BF4AD050070E844 /* BeerDAO.swift */ = {isa = PBXFileReference; fileEncoding = 4; lastKnownFileType = sourcecode.swift; path = BeerDAO.swift; sourceTree = "<group>"; };
		858A7E221BFDF6190070E844 /* AddBeer.swift */ = {isa = PBXFileReference; fileEncoding = 4; lastKnownFileType = sourcecode.swift; path = AddBeer.swift; sourceTree = "<group>"; };
		85C9957B1C45230900EBEEBF /* MoreVC.swift */ = {isa = PBXFileReference; fileEncoding = 4; lastKnownFileType = sourcecode.swift; path = MoreVC.swift; sourceTree = "<group>"; };
		85C9957D1C45239400EBEEBF /* ConfigVC.swift */ = {isa = PBXFileReference; fileEncoding = 4; lastKnownFileType = sourcecode.swift; path = ConfigVC.swift; sourceTree = "<group>"; };
		85C9957F1C45241A00EBEEBF /* GuidesVC.swift */ = {isa = PBXFileReference; fileEncoding = 4; lastKnownFileType = sourcecode.swift; path = GuidesVC.swift; sourceTree = "<group>"; };
		85FC93791C190B9400CF59C7 /* UserBeersVC.swift */ = {isa = PBXFileReference; fileEncoding = 4; lastKnownFileType = sourcecode.swift; path = UserBeersVC.swift; sourceTree = "<group>"; };
		85FC937B1C190BA500CF59C7 /* UserPlacesVC.swift */ = {isa = PBXFileReference; fileEncoding = 4; lastKnownFileType = sourcecode.swift; path = UserPlacesVC.swift; sourceTree = "<group>"; };
		85FC937D1C190BCE00CF59C7 /* UserTrophiesVC.swift */ = {isa = PBXFileReference; fileEncoding = 4; lastKnownFileType = sourcecode.swift; path = UserTrophiesVC.swift; sourceTree = "<group>"; };
		85FC937F1C190BE900CF59C7 /* UserFriendsVC.swift */ = {isa = PBXFileReference; fileEncoding = 4; lastKnownFileType = sourcecode.swift; path = UserFriendsVC.swift; sourceTree = "<group>"; };
		AFEB6A0CCBCAF7A419119BE8 /* Pods-BeerLove.debug.xcconfig */ = {isa = PBXFileReference; includeInIndex = 1; lastKnownFileType = text.xcconfig; name = "Pods-BeerLove.debug.xcconfig"; path = "Pods/Target Support Files/Pods-BeerLove/Pods-BeerLove.debug.xcconfig"; sourceTree = "<group>"; };
		D246342C1BEBAFBF00CF605D /* FloatRatingView.swift */ = {isa = PBXFileReference; fileEncoding = 4; lastKnownFileType = sourcecode.swift; path = FloatRatingView.swift; sourceTree = "<group>"; };
		D24634321BEBC93300CF605D /* BeerProfileVC.swift */ = {isa = PBXFileReference; fileEncoding = 4; lastKnownFileType = sourcecode.swift; path = BeerProfileVC.swift; sourceTree = "<group>"; };
		D2526D7A1BDA56C9003953F9 /* HomepageVC.swift */ = {isa = PBXFileReference; fileEncoding = 4; lastKnownFileType = sourcecode.swift; name = HomepageVC.swift; path = WeHeartBeer/HomepageVC.swift; sourceTree = "<group>"; };
		D28691DD1C3D5DD300A1BCE4 /* MVCarouselPageControl.swift */ = {isa = PBXFileReference; fileEncoding = 4; lastKnownFileType = sourcecode.swift; path = MVCarouselPageControl.swift; sourceTree = "<group>"; };
		D2BAC5E41C3BF2E8006981A2 /* CarouselVC.swift */ = {isa = PBXFileReference; fileEncoding = 4; lastKnownFileType = sourcecode.swift; path = CarouselVC.swift; sourceTree = "<group>"; };
		D2D88DA01BFB95B6002C8EF5 /* UserFBUtil.swift */ = {isa = PBXFileReference; fileEncoding = 4; lastKnownFileType = sourcecode.swift; path = UserFBUtil.swift; sourceTree = "<group>"; };
/* End PBXFileReference section */

/* Begin PBXFrameworksBuildPhase section */
		8518D1421BD7B7BD00499ACA /* Frameworks */ = {
			isa = PBXFrameworksBuildPhase;
			buildActionMask = 2147483647;
			files = (
				8502AE881BEA677800C54142 /* Social.framework in Frameworks */,
				8502AE861BEA676C00C54142 /* Accounts.framework in Frameworks */,
				8502AE841BEA676400C54142 /* libsqlite3.tbd in Frameworks */,
				8502AE821BEA675800C54142 /* libz.tbd in Frameworks */,
				8502AE801BEA674C00C54142 /* SystemConfiguration.framework in Frameworks */,
				854AAF471BECEE18002F405B /* FBSDKCoreKit.framework in Frameworks */,
				854AAF491BECEE18002F405B /* FBSDKShareKit.framework in Frameworks */,
				8502AE7E1BEA674300C54142 /* StoreKit.framework in Frameworks */,
				8502AE7C1BEA673700C54142 /* Security.framework in Frameworks */,
				8502AE7A1BEA673000C54142 /* QuartzCore.framework in Frameworks */,
				8502AE781BEA672700C54142 /* CoreLocation.framework in Frameworks */,
				8502AE761BEA671F00C54142 /* CoreGraphics.framework in Frameworks */,
				854AAF481BECEE18002F405B /* FBSDKLoginKit.framework in Frameworks */,
				8502AE741BEA670C00C54142 /* CFNetwork.framework in Frameworks */,
				8502AE721BEA670200C54142 /* AudioToolbox.framework in Frameworks */,
				8502AE6B1BEA66CC00C54142 /* Parse.framework in Frameworks */,
				8502AE6C1BEA66CC00C54142 /* ParseCrashReporting.framework in Frameworks */,
				8502AE701BEA66CC00C54142 /* ParseUI.framework in Frameworks */,
				8502AE6A1BEA66CC00C54142 /* Bolts.framework in Frameworks */,
				8502AE6F1BEA66CC00C54142 /* ParseTwitterUtils.framework in Frameworks */,
				8502AE6E1BEA66CC00C54142 /* ParseFacebookUtilsV4.framework in Frameworks */,
				70794EFE88F3435C95EB3404 /* Pods_BeerLove.framework in Frameworks */,
			);
			runOnlyForDeploymentPostprocessing = 0;
		};
		8518D1591BD7B7BD00499ACA /* Frameworks */ = {
			isa = PBXFrameworksBuildPhase;
			buildActionMask = 2147483647;
			files = (
			);
			runOnlyForDeploymentPostprocessing = 0;
		};
		8518D1641BD7B7BD00499ACA /* Frameworks */ = {
			isa = PBXFrameworksBuildPhase;
			buildActionMask = 2147483647;
			files = (
			);
			runOnlyForDeploymentPostprocessing = 0;
		};
/* End PBXFrameworksBuildPhase section */

/* Begin PBXGroup section */
		63F668AA1BD915F400172050 /* Controllers */ = {
			isa = PBXGroup;
			children = (
				674127931C189F0200016D52 /* CountriesSearch.swift */,
				D28691DD1C3D5DD300A1BCE4 /* MVCarouselPageControl.swift */,
				D2BAC5E41C3BF2E8006981A2 /* CarouselVC.swift */,
				67EE50981C1703F600AAA599 /* PagedViewController.swift */,
				677924B11BFA064600B8092B /* RegisterBeerVC.swift */,
				85C9957F1C45241A00EBEEBF /* GuidesVC.swift */,
				672C62F81BEA5E7200E667C8 /* BreweryVC.swift */,
				854542EB1C105F1900AC2A0B /* ReviewVC.swift */,
				6701DE081C4686AC00F25FC2 /* User */,
				D24634321BEBC93300CF605D /* BeerProfileVC.swift */,
				85C9957D1C45239400EBEEBF /* ConfigVC.swift */,
				63F668AB1BD9165800172050 /* ChallengeVC.swift */,
				D2526D7A1BDA56C9003953F9 /* HomepageVC.swift */,
				85C9957B1C45230900EBEEBF /* MoreVC.swift */,
				854AAC8D1BEB8CCE002F405B /* SearchVC.swift */,
				85FC93791C190B9400CF59C7 /* UserBeersVC.swift */,
				85FC937B1C190BA500CF59C7 /* UserPlacesVC.swift */,
				858A7E221BFDF6190070E844 /* AddBeer.swift */,
				85FC937D1C190BCE00CF59C7 /* UserTrophiesVC.swift */,
				67FB0C131C11D31500122314 /* AddBreweryVC.swift */,
				63710E241C07D6F000E0794A /* FacebookChekinVC.swift */,
				63072E4E1C0C78DB00A96DCF /* TabBarVC.swift */,
				67B50AB31C0F0D010032CCCD /* SearchBreweryVC.swift */,
			);
			name = Controllers;
			path = ..;
			sourceTree = "<group>";
		};
		6701DE081C4686AC00F25FC2 /* User */ = {
			isa = PBXGroup;
			children = (
				6701DE0B1C46943400F25FC2 /* UserInviteFBFriendsVC.swift */,
				6701DE091C4686F600F25FC2 /* UserAddAppFriendsVC.swift */,
				6333567E1BED154C00A71155 /* UserProfileVC.swift */,
				85FC937F1C190BE900CF59C7 /* UserFriendsVC.swift */,
			);
			name = User;
			sourceTree = "<group>";
		};
		6701DE0D1C46946200F25FC2 /* User */ = {
			isa = PBXGroup;
			children = (
				6701DE0E1C46949600F25FC2 /* UserInviteCell.swift */,
				6701DE101C4694AF00F25FC2 /* UserAppCell.swift */,
				6701DE121C4694C500F25FC2 /* UserFriendsCell.swift */,
			);
			name = User;
			sourceTree = "<group>";
		};
		676250751BF3737E00F3BB0D /* DAO */ = {
			isa = PBXGroup;
			children = (
				676250731BF1759300F3BB0D /* BreweryDAO.swift */,
				676250761BF373AF00F3BB0D /* UserDAO.swift */,
				858A7E201BF4AD050070E844 /* BeerDAO.swift */,
				63D37B411C43D0E50040CC52 /* ReviewDAO.swift */,
			);
			name = DAO;
			sourceTree = "<group>";
		};
		8502AE621BEA66CB00C54142 /* parse-library-1.9.1 */ = {
			isa = PBXGroup;
			children = (
				8502AE631BEA66CB00C54142 /* Bolts.framework */,
				8502AE641BEA66CC00C54142 /* Parse.framework */,
				8502AE651BEA66CC00C54142 /* ParseCrashReporting.framework */,
				8502AE661BEA66CC00C54142 /* ParseFacebookUtils.framework */,
				8502AE671BEA66CC00C54142 /* ParseFacebookUtilsV4.framework */,
				8502AE681BEA66CC00C54142 /* ParseTwitterUtils.framework */,
				8502AE691BEA66CC00C54142 /* ParseUI.framework */,
			);
			path = "parse-library-1.9.1";
			sourceTree = "<group>";
		};
		8518D13C1BD7B7BC00499ACA = {
			isa = PBXGroup;
			children = (
				8518D1471BD7B7BD00499ACA /* WeHeartBeer */,
				8518D15F1BD7B7BD00499ACA /* WeHeartBeerTests */,
				8518D16A1BD7B7BD00499ACA /* WeHeartBeerUITests */,
				8518D1461BD7B7BD00499ACA /* Products */,
				99D547A7999BDE0E0D9FC416 /* Pods */,
				F690BB45809CA82ED2E7CFB7 /* Frameworks */,
			);
			sourceTree = "<group>";
		};
		8518D1461BD7B7BD00499ACA /* Products */ = {
			isa = PBXGroup;
			children = (
				8518D1451BD7B7BD00499ACA /* BeerLove.app */,
				8518D15C1BD7B7BD00499ACA /* BeerLove.xctest */,
				8518D1671BD7B7BD00499ACA /* BeerLove.xctest */,
			);
			name = Products;
			sourceTree = "<group>";
		};
		8518D1471BD7B7BD00499ACA /* WeHeartBeer */ = {
			isa = PBXGroup;
			children = (
				D2D88D9F1BFB95A0002C8EF5 /* Util */,
				D286638B1BE07D9B002CE6F2 /* Frameworks */,
				D28663891BE07D31002CE6F2 /* Model */,
				D286638A1BE07D3E002CE6F2 /* View */,
				63F668AA1BD915F400172050 /* Controllers */,
				8518D1481BD7B7BD00499ACA /* AppDelegate.swift */,
				8518D14A1BD7B7BD00499ACA /* ViewController.swift */,
				8518D1521BD7B7BD00499ACA /* Assets.xcassets */,
				8518D1571BD7B7BD00499ACA /* Info.plist */,
				8518D14F1BD7B7BD00499ACA /* WeHeartBeer.xcdatamodeld */,
				6762507A1BF3775500F3BB0D /* Header-WeHeartBeer.h */,
			);
			path = WeHeartBeer;
			sourceTree = "<group>";
		};
		8518D15F1BD7B7BD00499ACA /* WeHeartBeerTests */ = {
			isa = PBXGroup;
			children = (
				8518D1601BD7B7BD00499ACA /* WeHeartBeerTests.swift */,
				8518D1621BD7B7BD00499ACA /* Info.plist */,
			);
			path = WeHeartBeerTests;
			sourceTree = "<group>";
		};
		8518D16A1BD7B7BD00499ACA /* WeHeartBeerUITests */ = {
			isa = PBXGroup;
			children = (
				8518D16B1BD7B7BD00499ACA /* WeHeartBeerUITests.swift */,
				8518D16D1BD7B7BD00499ACA /* Info.plist */,
			);
			path = WeHeartBeerUITests;
			sourceTree = "<group>";
		};
		854AAF4C1BF0BE4D002F405B /* Objects */ = {
			isa = PBXGroup;
			children = (
				854AAF4A1BED1431002F405B /* Beer.swift */,
				854AAF541BF0BEDF002F405B /* Brewery.swift */,
				854AAC8F1BEB8FAA002F405B /* ResultsTableViewCell.swift */,
				6333567C1BED151000A71155 /* User.swift */,
				8529AFFB1C10787800A0AAC3 /* ListHeaderCell.swift */,
				63D37B431C43D1E00040CC52 /* Review.swift */,
			);
			name = Objects;
			sourceTree = "<group>";
		};
		854AAF4D1BF0BE65002F405B /* Services */ = {
			isa = PBXGroup;
			children = (
				676250751BF3737E00F3BB0D /* DAO */,
				D25499C21BF1769300D38C88 /* Parse Services */,
			);
			name = Services;
			sourceTree = "<group>";
		};
		99D547A7999BDE0E0D9FC416 /* Pods */ = {
			isa = PBXGroup;
			children = (
				AFEB6A0CCBCAF7A419119BE8 /* Pods-BeerLove.debug.xcconfig */,
				41B2B4A8EB98589FDAD959B1 /* Pods-BeerLove.release.xcconfig */,
			);
			name = Pods;
			sourceTree = "<group>";
		};
		D25499C21BF1769300D38C88 /* Parse Services */ = {
			isa = PBXGroup;
			children = (
				63D37B3D1C43CFC00040CC52 /* ReviewServices.swift */,
				854AAF4E1BF0BE8F002F405B /* BeerServices.swift */,
				854AAF501BF0BEAE002F405B /* BreweryServices.swift */,
				854AAF521BF0BECE002F405B /* UserServices.swift */,
				676250781BF3757300F3BB0D /* UserValidation.swift */,
			);
			name = "Parse Services";
			sourceTree = "<group>";
		};
		D28663891BE07D31002CE6F2 /* Model */ = {
			isa = PBXGroup;
			children = (
				854AAF4D1BF0BE65002F405B /* Services */,
				854AAF4C1BF0BE4D002F405B /* Objects */,
			);
			name = Model;
			sourceTree = "<group>";
		};
		D286638A1BE07D3E002CE6F2 /* View */ = {
			isa = PBXGroup;
			children = (
				8518D14C1BD7B7BD00499ACA /* Main.storyboard */,
				8518D1541BD7B7BD00499ACA /* LaunchScreen.storyboard */,
				674127971C18A20700016D52 /* CountryCell.swift */,
				6701DE0D1C46946200F25FC2 /* User */,
				67FB0C111C0F6C8700122314 /* SearchTVCell.swift */,
				677924AF1BF6B9F700B8092B /* SearchVCCellTableViewCell.swift */,
				672C62FA1BEAD2F700E667C8 /* BreweryVCCell.swift */,
				D246342C1BEBAFBF00CF605D /* FloatRatingView.swift */,
				63E504B41C45490200671168 /* ReviewVCCell.swift */,
			);
			name = View;
			sourceTree = "<group>";
		};
		D286638B1BE07D9B002CE6F2 /* Frameworks */ = {
			isa = PBXGroup;
			children = (
				854AAF441BECEE18002F405B /* FBSDKCoreKit.framework */,
				854AAF451BECEE18002F405B /* FBSDKLoginKit.framework */,
				854AAF461BECEE18002F405B /* FBSDKShareKit.framework */,
				8502AE871BEA677800C54142 /* Social.framework */,
				8502AE851BEA676C00C54142 /* Accounts.framework */,
				8502AE831BEA676400C54142 /* libsqlite3.tbd */,
				8502AE811BEA675800C54142 /* libz.tbd */,
				8502AE7F1BEA674C00C54142 /* SystemConfiguration.framework */,
				8502AE7D1BEA674300C54142 /* StoreKit.framework */,
				8502AE7B1BEA673700C54142 /* Security.framework */,
				8502AE791BEA673000C54142 /* QuartzCore.framework */,
				8502AE771BEA672700C54142 /* CoreLocation.framework */,
				8502AE751BEA671F00C54142 /* CoreGraphics.framework */,
				8502AE731BEA670C00C54142 /* CFNetwork.framework */,
				8502AE711BEA670200C54142 /* AudioToolbox.framework */,
				8502AE621BEA66CB00C54142 /* parse-library-1.9.1 */,
			);
			name = Frameworks;
			sourceTree = "<group>";
		};
		D2D88D9F1BFB95A0002C8EF5 /* Util */ = {
			isa = PBXGroup;
			children = (
				D2D88DA01BFB95B6002C8EF5 /* UserFBUtil.swift */,
			);
			name = Util;
			sourceTree = "<group>";
		};
		F690BB45809CA82ED2E7CFB7 /* Frameworks */ = {
			isa = PBXGroup;
			children = (
				79DE8135A326FB90FEA7034F /* Pods_BeerLove.framework */,
			);
			name = Frameworks;
			sourceTree = "<group>";
		};
/* End PBXGroup section */

/* Begin PBXNativeTarget section */
		8518D1441BD7B7BD00499ACA /* BeerLove */ = {
			isa = PBXNativeTarget;
			buildConfigurationList = 8518D1701BD7B7BD00499ACA /* Build configuration list for PBXNativeTarget "BeerLove" */;
			buildPhases = (
				FF969B93418C9CDD0FC37FEA /* Check Pods Manifest.lock */,
				8518D1411BD7B7BD00499ACA /* Sources */,
				8518D1421BD7B7BD00499ACA /* Frameworks */,
				8518D1431BD7B7BD00499ACA /* Resources */,
				242358CACF41888EDB97051D /* Embed Pods Frameworks */,
				F07222E37755A057CA0DB917 /* Copy Pods Resources */,
			);
			buildRules = (
			);
			dependencies = (
			);
			name = BeerLove;
			productName = WeHeartBeer;
			productReference = 8518D1451BD7B7BD00499ACA /* BeerLove.app */;
			productType = "com.apple.product-type.application";
		};
		8518D15B1BD7B7BD00499ACA /* BeerLoveTests */ = {
			isa = PBXNativeTarget;
			buildConfigurationList = 8518D1731BD7B7BD00499ACA /* Build configuration list for PBXNativeTarget "BeerLoveTests" */;
			buildPhases = (
				8518D1581BD7B7BD00499ACA /* Sources */,
				8518D1591BD7B7BD00499ACA /* Frameworks */,
				8518D15A1BD7B7BD00499ACA /* Resources */,
			);
			buildRules = (
			);
			dependencies = (
				8518D15E1BD7B7BD00499ACA /* PBXTargetDependency */,
			);
			name = BeerLoveTests;
			productName = WeHeartBeerTests;
			productReference = 8518D15C1BD7B7BD00499ACA /* BeerLove.xctest */;
			productType = "com.apple.product-type.bundle.unit-test";
		};
		8518D1661BD7B7BD00499ACA /* BeerLoveUITests */ = {
			isa = PBXNativeTarget;
			buildConfigurationList = 8518D1761BD7B7BD00499ACA /* Build configuration list for PBXNativeTarget "BeerLoveUITests" */;
			buildPhases = (
				8518D1631BD7B7BD00499ACA /* Sources */,
				8518D1641BD7B7BD00499ACA /* Frameworks */,
				8518D1651BD7B7BD00499ACA /* Resources */,
			);
			buildRules = (
			);
			dependencies = (
				8518D1691BD7B7BD00499ACA /* PBXTargetDependency */,
			);
			name = BeerLoveUITests;
			productName = WeHeartBeerUITests;
			productReference = 8518D1671BD7B7BD00499ACA /* BeerLove.xctest */;
			productType = "com.apple.product-type.bundle.ui-testing";
		};
/* End PBXNativeTarget section */

/* Begin PBXProject section */
		8518D13D1BD7B7BC00499ACA /* Project object */ = {
			isa = PBXProject;
			attributes = {
				LastUpgradeCheck = 0700;
				ORGANIZATIONNAME = "Fernando H M Bastos";
				TargetAttributes = {
					8518D1441BD7B7BD00499ACA = {
						CreatedOnToolsVersion = 7.0.1;
					};
					8518D15B1BD7B7BD00499ACA = {
						CreatedOnToolsVersion = 7.0.1;
						TestTargetID = 8518D1441BD7B7BD00499ACA;
					};
					8518D1661BD7B7BD00499ACA = {
						CreatedOnToolsVersion = 7.0.1;
						TestTargetID = 8518D1441BD7B7BD00499ACA;
					};
				};
			};
			buildConfigurationList = 8518D1401BD7B7BC00499ACA /* Build configuration list for PBXProject "BeerLove" */;
			compatibilityVersion = "Xcode 3.2";
			developmentRegion = English;
			hasScannedForEncodings = 0;
			knownRegions = (
				en,
				Base,
			);
			mainGroup = 8518D13C1BD7B7BC00499ACA;
			productRefGroup = 8518D1461BD7B7BD00499ACA /* Products */;
			projectDirPath = "";
			projectRoot = "";
			targets = (
				8518D1441BD7B7BD00499ACA /* BeerLove */,
				8518D15B1BD7B7BD00499ACA /* BeerLoveTests */,
				8518D1661BD7B7BD00499ACA /* BeerLoveUITests */,
			);
		};
/* End PBXProject section */

/* Begin PBXResourcesBuildPhase section */
		8518D1431BD7B7BD00499ACA /* Resources */ = {
			isa = PBXResourcesBuildPhase;
			buildActionMask = 2147483647;
			files = (
				8518D1561BD7B7BD00499ACA /* LaunchScreen.storyboard in Resources */,
				8518D1531BD7B7BD00499ACA /* Assets.xcassets in Resources */,
				8518D14E1BD7B7BD00499ACA /* Main.storyboard in Resources */,
			);
			runOnlyForDeploymentPostprocessing = 0;
		};
		8518D15A1BD7B7BD00499ACA /* Resources */ = {
			isa = PBXResourcesBuildPhase;
			buildActionMask = 2147483647;
			files = (
			);
			runOnlyForDeploymentPostprocessing = 0;
		};
		8518D1651BD7B7BD00499ACA /* Resources */ = {
			isa = PBXResourcesBuildPhase;
			buildActionMask = 2147483647;
			files = (
			);
			runOnlyForDeploymentPostprocessing = 0;
		};
/* End PBXResourcesBuildPhase section */

/* Begin PBXShellScriptBuildPhase section */
		242358CACF41888EDB97051D /* Embed Pods Frameworks */ = {
			isa = PBXShellScriptBuildPhase;
			buildActionMask = 2147483647;
			files = (
			);
			inputPaths = (
			);
			name = "Embed Pods Frameworks";
			outputPaths = (
			);
			runOnlyForDeploymentPostprocessing = 0;
			shellPath = /bin/sh;
			shellScript = "\"${SRCROOT}/Pods/Target Support Files/Pods-BeerLove/Pods-BeerLove-frameworks.sh\"\n";
			showEnvVarsInLog = 0;
		};
		F07222E37755A057CA0DB917 /* Copy Pods Resources */ = {
			isa = PBXShellScriptBuildPhase;
			buildActionMask = 2147483647;
			files = (
			);
			inputPaths = (
			);
			name = "Copy Pods Resources";
			outputPaths = (
			);
			runOnlyForDeploymentPostprocessing = 0;
			shellPath = /bin/sh;
			shellScript = "\"${SRCROOT}/Pods/Target Support Files/Pods-BeerLove/Pods-BeerLove-resources.sh\"\n";
			showEnvVarsInLog = 0;
		};
		FF969B93418C9CDD0FC37FEA /* Check Pods Manifest.lock */ = {
			isa = PBXShellScriptBuildPhase;
			buildActionMask = 2147483647;
			files = (
			);
			inputPaths = (
			);
			name = "Check Pods Manifest.lock";
			outputPaths = (
			);
			runOnlyForDeploymentPostprocessing = 0;
			shellPath = /bin/sh;
			shellScript = "diff \"${PODS_ROOT}/../Podfile.lock\" \"${PODS_ROOT}/Manifest.lock\" > /dev/null\nif [[ $? != 0 ]] ; then\n    cat << EOM\nerror: The sandbox is not in sync with the Podfile.lock. Run 'pod install' or update your CocoaPods installation.\nEOM\n    exit 1\nfi\n";
			showEnvVarsInLog = 0;
		};
/* End PBXShellScriptBuildPhase section */

/* Begin PBXSourcesBuildPhase section */
		8518D1411BD7B7BD00499ACA /* Sources */ = {
			isa = PBXSourcesBuildPhase;
			buildActionMask = 2147483647;
			files = (
				67EE50991C1703F600AAA599 /* PagedViewController.swift in Sources */,
				85FC937A1C190B9400CF59C7 /* UserBeersVC.swift in Sources */,
				676250791BF3757300F3BB0D /* UserValidation.swift in Sources */,
				63F668AC1BD9165800172050 /* ChallengeVC.swift in Sources */,
				85FC93801C190BE900CF59C7 /* UserFriendsVC.swift in Sources */,
				6701DE0A1C4686F600F25FC2 /* UserAddAppFriendsVC.swift in Sources */,
				858A7E211BF4AD050070E844 /* BeerDAO.swift in Sources */,
				63710E251C07D6F000E0794A /* FacebookChekinVC.swift in Sources */,
				674127981C18A20700016D52 /* CountryCell.swift in Sources */,
				67FB0C141C11D31500122314 /* AddBreweryVC.swift in Sources */,
				677924B21BFA064600B8092B /* RegisterBeerVC.swift in Sources */,
				854AAF4F1BF0BE8F002F405B /* BeerServices.swift in Sources */,
				8518D1511BD7B7BD00499ACA /* WeHeartBeer.xcdatamodeld in Sources */,
				672C62F91BEA5E7200E667C8 /* BreweryVC.swift in Sources */,
				D28691DE1C3D5DD300A1BCE4 /* MVCarouselPageControl.swift in Sources */,
				674127941C189F0200016D52 /* CountriesSearch.swift in Sources */,
				854AAC901BEB8FAA002F405B /* ResultsTableViewCell.swift in Sources */,
				854AAF4B1BED1431002F405B /* Beer.swift in Sources */,
				6701DE131C4694C500F25FC2 /* UserFriendsCell.swift in Sources */,
				8529AFFC1C10787800A0AAC3 /* ListHeaderCell.swift in Sources */,
				63E504B51C45490200671168 /* ReviewVCCell.swift in Sources */,
				8518D14B1BD7B7BD00499ACA /* ViewController.swift in Sources */,
				854AAF551BF0BEDF002F405B /* Brewery.swift in Sources */,
				63D37B441C43D1E00040CC52 /* Review.swift in Sources */,
				63D37B421C43D0E50040CC52 /* ReviewDAO.swift in Sources */,
				6333567D1BED151000A71155 /* User.swift in Sources */,
				85C9957C1C45230900EBEEBF /* MoreVC.swift in Sources */,
				D24634331BEBC93300CF605D /* BeerProfileVC.swift in Sources */,
				67B50AB41C0F0D010032CCCD /* SearchBreweryVC.swift in Sources */,
				6701DE0C1C46943400F25FC2 /* UserInviteFBFriendsVC.swift in Sources */,
				6701DE111C4694AF00F25FC2 /* UserAppCell.swift in Sources */,
				85C9957E1C45239400EBEEBF /* ConfigVC.swift in Sources */,
				D2BAC5E51C3BF2E8006981A2 /* CarouselVC.swift in Sources */,
				85C995801C45241A00EBEEBF /* GuidesVC.swift in Sources */,
				6333567F1BED154C00A71155 /* UserProfileVC.swift in Sources */,
				D246342D1BEBAFBF00CF605D /* FloatRatingView.swift in Sources */,
				D2D88DA11BFB95B6002C8EF5 /* UserFBUtil.swift in Sources */,
				D2526D7B1BDA56C9003953F9 /* HomepageVC.swift in Sources */,
				677924B01BF6B9F700B8092B /* SearchVCCellTableViewCell.swift in Sources */,
				6701DE0F1C46949600F25FC2 /* UserInviteCell.swift in Sources */,
				854AAC8E1BEB8CCE002F405B /* SearchVC.swift in Sources */,
				67FB0C121C0F6C8700122314 /* SearchTVCell.swift in Sources */,
				85FC937C1C190BA500CF59C7 /* UserPlacesVC.swift in Sources */,
				85FC937E1C190BCE00CF59C7 /* UserTrophiesVC.swift in Sources */,
				854AAF511BF0BEAE002F405B /* BreweryServices.swift in Sources */,
				63072E4F1C0C78DB00A96DCF /* TabBarVC.swift in Sources */,
				63D37B3E1C43CFC00040CC52 /* ReviewServices.swift in Sources */,
				8518D1491BD7B7BD00499ACA /* AppDelegate.swift in Sources */,
				672C62FB1BEAD2F700E667C8 /* BreweryVCCell.swift in Sources */,
				858A7E231BFDF6190070E844 /* AddBeer.swift in Sources */,
				676250771BF373AF00F3BB0D /* UserDAO.swift in Sources */,
				854542EC1C105F1900AC2A0B /* ReviewVC.swift in Sources */,
				676250741BF1759300F3BB0D /* BreweryDAO.swift in Sources */,
				854AAF531BF0BECE002F405B /* UserServices.swift in Sources */,
			);
			runOnlyForDeploymentPostprocessing = 0;
		};
		8518D1581BD7B7BD00499ACA /* Sources */ = {
			isa = PBXSourcesBuildPhase;
			buildActionMask = 2147483647;
			files = (
				8518D1611BD7B7BD00499ACA /* WeHeartBeerTests.swift in Sources */,
			);
			runOnlyForDeploymentPostprocessing = 0;
		};
		8518D1631BD7B7BD00499ACA /* Sources */ = {
			isa = PBXSourcesBuildPhase;
			buildActionMask = 2147483647;
			files = (
				8518D16C1BD7B7BD00499ACA /* WeHeartBeerUITests.swift in Sources */,
			);
			runOnlyForDeploymentPostprocessing = 0;
		};
/* End PBXSourcesBuildPhase section */

/* Begin PBXTargetDependency section */
		8518D15E1BD7B7BD00499ACA /* PBXTargetDependency */ = {
			isa = PBXTargetDependency;
			target = 8518D1441BD7B7BD00499ACA /* BeerLove */;
			targetProxy = 8518D15D1BD7B7BD00499ACA /* PBXContainerItemProxy */;
		};
		8518D1691BD7B7BD00499ACA /* PBXTargetDependency */ = {
			isa = PBXTargetDependency;
			target = 8518D1441BD7B7BD00499ACA /* BeerLove */;
			targetProxy = 8518D1681BD7B7BD00499ACA /* PBXContainerItemProxy */;
		};
/* End PBXTargetDependency section */

/* Begin PBXVariantGroup section */
		8518D14C1BD7B7BD00499ACA /* Main.storyboard */ = {
			isa = PBXVariantGroup;
			children = (
				8518D14D1BD7B7BD00499ACA /* Base */,
			);
			name = Main.storyboard;
			sourceTree = "<group>";
		};
		8518D1541BD7B7BD00499ACA /* LaunchScreen.storyboard */ = {
			isa = PBXVariantGroup;
			children = (
				8518D1551BD7B7BD00499ACA /* Base */,
			);
			name = LaunchScreen.storyboard;
			sourceTree = "<group>";
		};
/* End PBXVariantGroup section */

/* Begin XCBuildConfiguration section */
		8518D16E1BD7B7BD00499ACA /* Debug */ = {
			isa = XCBuildConfiguration;
			buildSettings = {
				ALWAYS_SEARCH_USER_PATHS = NO;
				CLANG_CXX_LANGUAGE_STANDARD = "gnu++0x";
				CLANG_CXX_LIBRARY = "libc++";
				CLANG_ENABLE_MODULES = YES;
				CLANG_ENABLE_OBJC_ARC = YES;
				CLANG_WARN_BOOL_CONVERSION = YES;
				CLANG_WARN_CONSTANT_CONVERSION = YES;
				CLANG_WARN_DIRECT_OBJC_ISA_USAGE = YES_ERROR;
				CLANG_WARN_EMPTY_BODY = YES;
				CLANG_WARN_ENUM_CONVERSION = YES;
				CLANG_WARN_INT_CONVERSION = YES;
				CLANG_WARN_OBJC_ROOT_CLASS = YES_ERROR;
				CLANG_WARN_UNREACHABLE_CODE = YES;
				CLANG_WARN__DUPLICATE_METHOD_MATCH = YES;
				CODE_SIGN_IDENTITY = "iPhone Developer";
				"CODE_SIGN_IDENTITY[sdk=iphoneos*]" = "iPhone Developer";
				COPY_PHASE_STRIP = NO;
				DEBUG_INFORMATION_FORMAT = dwarf;
				ENABLE_STRICT_OBJC_MSGSEND = YES;
				ENABLE_TESTABILITY = YES;
				GCC_C_LANGUAGE_STANDARD = gnu99;
				GCC_DYNAMIC_NO_PIC = NO;
				GCC_NO_COMMON_BLOCKS = YES;
				GCC_OPTIMIZATION_LEVEL = 0;
				GCC_PREPROCESSOR_DEFINITIONS = (
					"DEBUG=1",
					"$(inherited)",
				);
				GCC_WARN_64_TO_32_BIT_CONVERSION = YES;
				GCC_WARN_ABOUT_RETURN_TYPE = YES_ERROR;
				GCC_WARN_UNDECLARED_SELECTOR = YES;
				GCC_WARN_UNINITIALIZED_AUTOS = YES_AGGRESSIVE;
				GCC_WARN_UNUSED_FUNCTION = YES;
				GCC_WARN_UNUSED_VARIABLE = YES;
				IPHONEOS_DEPLOYMENT_TARGET = 9.0;
				MTL_ENABLE_DEBUG_INFO = YES;
				ONLY_ACTIVE_ARCH = YES;
				SDKROOT = iphoneos;
				SWIFT_OPTIMIZATION_LEVEL = "-Onone";
			};
			name = Debug;
		};
		8518D16F1BD7B7BD00499ACA /* Release */ = {
			isa = XCBuildConfiguration;
			buildSettings = {
				ALWAYS_SEARCH_USER_PATHS = NO;
				CLANG_CXX_LANGUAGE_STANDARD = "gnu++0x";
				CLANG_CXX_LIBRARY = "libc++";
				CLANG_ENABLE_MODULES = YES;
				CLANG_ENABLE_OBJC_ARC = YES;
				CLANG_WARN_BOOL_CONVERSION = YES;
				CLANG_WARN_CONSTANT_CONVERSION = YES;
				CLANG_WARN_DIRECT_OBJC_ISA_USAGE = YES_ERROR;
				CLANG_WARN_EMPTY_BODY = YES;
				CLANG_WARN_ENUM_CONVERSION = YES;
				CLANG_WARN_INT_CONVERSION = YES;
				CLANG_WARN_OBJC_ROOT_CLASS = YES_ERROR;
				CLANG_WARN_UNREACHABLE_CODE = YES;
				CLANG_WARN__DUPLICATE_METHOD_MATCH = YES;
				CODE_SIGN_IDENTITY = "iPhone Developer";
				"CODE_SIGN_IDENTITY[sdk=iphoneos*]" = "iPhone Developer";
				COPY_PHASE_STRIP = NO;
				DEBUG_INFORMATION_FORMAT = "dwarf-with-dsym";
				ENABLE_NS_ASSERTIONS = NO;
				ENABLE_STRICT_OBJC_MSGSEND = YES;
				GCC_C_LANGUAGE_STANDARD = gnu99;
				GCC_NO_COMMON_BLOCKS = YES;
				GCC_WARN_64_TO_32_BIT_CONVERSION = YES;
				GCC_WARN_ABOUT_RETURN_TYPE = YES_ERROR;
				GCC_WARN_UNDECLARED_SELECTOR = YES;
				GCC_WARN_UNINITIALIZED_AUTOS = YES_AGGRESSIVE;
				GCC_WARN_UNUSED_FUNCTION = YES;
				GCC_WARN_UNUSED_VARIABLE = YES;
				IPHONEOS_DEPLOYMENT_TARGET = 9.0;
				MTL_ENABLE_DEBUG_INFO = NO;
				SDKROOT = iphoneos;
				VALIDATE_PRODUCT = YES;
			};
			name = Release;
		};
		8518D1711BD7B7BD00499ACA /* Debug */ = {
			isa = XCBuildConfiguration;
			baseConfigurationReference = AFEB6A0CCBCAF7A419119BE8 /* Pods-BeerLove.debug.xcconfig */;
			buildSettings = {
				ASSETCATALOG_COMPILER_APPICON_NAME = AppIcon;
				FRAMEWORK_SEARCH_PATHS = (
					"$(inherited)",
					"$(PROJECT_DIR)",
					"$(PROJECT_DIR)/WeHeartBeer/parse-library-1.9.1",
					"$(PROJECT_DIR)/WeHeartBeer",
				);
				INFOPLIST_FILE = WeHeartBeer/Info.plist;
				LD_RUNPATH_SEARCH_PATHS = "$(inherited) @executable_path/Frameworks";
				PRODUCT_BUNDLE_IDENTIFIER = bepid.WeHeartBeer;
				PRODUCT_NAME = BeerLove;
				SWIFT_OBJC_BRIDGING_HEADER = "WeHeartBeer/Header-WeHeartBeer.h";
			};
			name = Debug;
		};
		8518D1721BD7B7BD00499ACA /* Release */ = {
			isa = XCBuildConfiguration;
			baseConfigurationReference = 41B2B4A8EB98589FDAD959B1 /* Pods-BeerLove.release.xcconfig */;
			buildSettings = {
				ASSETCATALOG_COMPILER_APPICON_NAME = AppIcon;
				FRAMEWORK_SEARCH_PATHS = (
					"$(inherited)",
					"$(PROJECT_DIR)",
					"$(PROJECT_DIR)/WeHeartBeer/parse-library-1.9.1",
					"$(PROJECT_DIR)/WeHeartBeer",
				);
				INFOPLIST_FILE = WeHeartBeer/Info.plist;
				LD_RUNPATH_SEARCH_PATHS = "$(inherited) @executable_path/Frameworks";
				PRODUCT_BUNDLE_IDENTIFIER = bepid.WeHeartBeer;
				PRODUCT_NAME = BeerLove;
				SWIFT_OBJC_BRIDGING_HEADER = "WeHeartBeer/Header-WeHeartBeer.h";
			};
			name = Release;
		};
		8518D1741BD7B7BD00499ACA /* Debug */ = {
			isa = XCBuildConfiguration;
			buildSettings = {
				BUNDLE_LOADER = "$(TEST_HOST)";
				INFOPLIST_FILE = WeHeartBeerTests/Info.plist;
				LD_RUNPATH_SEARCH_PATHS = "$(inherited) @executable_path/Frameworks @loader_path/Frameworks";
				PRODUCT_BUNDLE_IDENTIFIER = bepid.WeHeartBeerTests;
				PRODUCT_NAME = BeerLove;
				TEST_HOST = "$(BUILT_PRODUCTS_DIR)/BeerLove.app/BeerLove";
			};
			name = Debug;
		};
		8518D1751BD7B7BD00499ACA /* Release */ = {
			isa = XCBuildConfiguration;
			buildSettings = {
				BUNDLE_LOADER = "$(TEST_HOST)";
				INFOPLIST_FILE = WeHeartBeerTests/Info.plist;
				LD_RUNPATH_SEARCH_PATHS = "$(inherited) @executable_path/Frameworks @loader_path/Frameworks";
				PRODUCT_BUNDLE_IDENTIFIER = bepid.WeHeartBeerTests;
				PRODUCT_NAME = BeerLove;
				TEST_HOST = "$(BUILT_PRODUCTS_DIR)/BeerLove.app/BeerLove";
			};
			name = Release;
		};
		8518D1771BD7B7BD00499ACA /* Debug */ = {
			isa = XCBuildConfiguration;
			buildSettings = {
				INFOPLIST_FILE = WeHeartBeerUITests/Info.plist;
				LD_RUNPATH_SEARCH_PATHS = "$(inherited) @executable_path/Frameworks @loader_path/Frameworks";
				PRODUCT_BUNDLE_IDENTIFIER = bepid.WeHeartBeerUITests;
				PRODUCT_NAME = BeerLove;
				TEST_TARGET_NAME = WeHeartBeer;
				USES_XCTRUNNER = YES;
			};
			name = Debug;
		};
		8518D1781BD7B7BD00499ACA /* Release */ = {
			isa = XCBuildConfiguration;
			buildSettings = {
				INFOPLIST_FILE = WeHeartBeerUITests/Info.plist;
				LD_RUNPATH_SEARCH_PATHS = "$(inherited) @executable_path/Frameworks @loader_path/Frameworks";
				PRODUCT_BUNDLE_IDENTIFIER = bepid.WeHeartBeerUITests;
				PRODUCT_NAME = BeerLove;
				TEST_TARGET_NAME = WeHeartBeer;
				USES_XCTRUNNER = YES;
			};
			name = Release;
		};
/* End XCBuildConfiguration section */

/* Begin XCConfigurationList section */
		8518D1401BD7B7BC00499ACA /* Build configuration list for PBXProject "BeerLove" */ = {
			isa = XCConfigurationList;
			buildConfigurations = (
				8518D16E1BD7B7BD00499ACA /* Debug */,
				8518D16F1BD7B7BD00499ACA /* Release */,
			);
			defaultConfigurationIsVisible = 0;
			defaultConfigurationName = Release;
		};
		8518D1701BD7B7BD00499ACA /* Build configuration list for PBXNativeTarget "BeerLove" */ = {
			isa = XCConfigurationList;
			buildConfigurations = (
				8518D1711BD7B7BD00499ACA /* Debug */,
				8518D1721BD7B7BD00499ACA /* Release */,
			);
			defaultConfigurationIsVisible = 0;
			defaultConfigurationName = Release;
		};
		8518D1731BD7B7BD00499ACA /* Build configuration list for PBXNativeTarget "BeerLoveTests" */ = {
			isa = XCConfigurationList;
			buildConfigurations = (
				8518D1741BD7B7BD00499ACA /* Debug */,
				8518D1751BD7B7BD00499ACA /* Release */,
			);
			defaultConfigurationIsVisible = 0;
			defaultConfigurationName = Release;
		};
		8518D1761BD7B7BD00499ACA /* Build configuration list for PBXNativeTarget "BeerLoveUITests" */ = {
			isa = XCConfigurationList;
			buildConfigurations = (
				8518D1771BD7B7BD00499ACA /* Debug */,
				8518D1781BD7B7BD00499ACA /* Release */,
			);
			defaultConfigurationIsVisible = 0;
			defaultConfigurationName = Release;
		};
/* End XCConfigurationList section */

/* Begin XCVersionGroup section */
		8518D14F1BD7B7BD00499ACA /* WeHeartBeer.xcdatamodeld */ = {
			isa = XCVersionGroup;
			children = (
				8518D1501BD7B7BD00499ACA /* WeHeartBeer.xcdatamodel */,
			);
			currentVersion = 8518D1501BD7B7BD00499ACA /* WeHeartBeer.xcdatamodel */;
			path = WeHeartBeer.xcdatamodeld;
			sourceTree = "<group>";
			versionGroupType = wrapper.xcdatamodel;
		};
/* End XCVersionGroup section */
	};
	rootObject = 8518D13D1BD7B7BC00499ACA /* Project object */;
}
